version = 1
revision = 2
requires-python = ">=3.13"

[[package]]
name = "niriswitcher"
version = "0.1.0"
source = { editable = "." }
dependencies = [
    { name = "pygobject" },
]

[package.metadata]
requires-dist = [{ name = "pygobject", specifier = ">=3.52.3" }]

[[package]]
name = "pycairo"
version = "1.28.0"
source = { registry = "https://pypi.org/simple" }
sdist = { url = "https://files.pythonhosted.org/packages/40/d9/412da520de9052b7e80bfc810ec10f5cb3dbfa4aa3e23c2820dc61cdb3d0/pycairo-1.28.0.tar.gz", hash = "sha256:26ec5c6126781eb167089a123919f87baa2740da2cca9098be8b3a6b91cc5fbc", size = 662477, upload_time = "2025-04-14T20:11:08.218Z" }
wheels = [
    { url = "https://files.pythonhosted.org/packages/59/a7/c3e5ed55781dfe1b31eb4a2482aeae707671f3d36b0ea53a1722f4a3dfe9/pycairo-1.28.0-cp313-cp313-win32.whl", hash = "sha256:d13352429d8a08a1cb3607767d23d2fb32e4c4f9faa642155383980ec1478c24", size = 750594, upload_time = "2025-04-14T20:10:59.284Z" },
    { url = "https://files.pythonhosted.org/packages/8b/1c/ebadd290748aff3b6bc35431114d41e7a42f40a4b988c2aaf2dfed5d8156/pycairo-1.28.0-cp313-cp313-win_amd64.whl", hash = "sha256:082aef6b3a9dcc328fa648d38ed6b0a31c863e903ead57dd184b2e5f86790140", size = 841774, upload_time = "2025-04-14T20:11:01.79Z" },
    { url = "https://files.pythonhosted.org/packages/3e/ce/a3f5f1946613cd8a4654322b878c59f273c6e9b01dfadadd3f609070e0b9/pycairo-1.28.0-cp313-cp313-win_arm64.whl", hash = "sha256:026afd53b75291917a7412d9fe46dcfbaa0c028febd46ff1132d44a53ac2c8b6", size = 691675, upload_time = "2025-04-16T19:30:26.565Z" },
]

[[package]]
name = "pygobject"
version = "3.52.3"
source = { registry = "https://pypi.org/simple" }
dependencies = [
    { name = "pycairo" },
]
sdist = { url = "https://files.pythonhosted.org/packages/4a/36/fec530a313d3d48f12e112ac0a65ee3ccc87f385123a0493715609e8e99c/pygobject-3.52.3.tar.gz", hash = "sha256:00e427d291e957462a8fad659a9f9c8be776ff82a8b76bdf402f1eaeec086d82", size = 1235825, upload_time = "2025-03-16T18:22:57.1Z" }
